# Generated by buf. DO NOT EDIT.
version: v1
deps:
  - remote: buf.build
    owner: googleapis
    repository: googleapis
    commit: cc916c31859748a68fd229a3c8d7a2e8
    digest: shake256:469b049d0eb04203d5272062636c078decefc96fec69739159c25d85349c50c34c7706918a8b216c5c27f76939df48452148cff8c5c3ae77fa6ba5c25c1b8bf8
  - remote: buf.build
    owner: grpc-ecosystem
    repository: grpc-gateway
    commit: a1ecdc58eccd49aa8bea2a7a9022dc27
    digest: shake256:efdd86fbdc42e8b7259fe461a49656827a03fb7cba0b3b9eb622ca10654ec6beccb9a051229c1553ccd89ed3e95d69ad4d7c799f1da3f3f1bd447b7947a4893e
